
Microsoft Visual Studio Solution File, Format Version 12.00
# Visual Studio 15
VisualStudioVersion = 15.0.27703.2035
MinimumVisualStudioVersion = 10.0.40219.1
Project("{6EC3EE1D-3C4E-46DD-8F32-0CC8E7565705}") = "Core2.Web", "Core2.Web\Core2.Web.fsproj", "{ACD840F8-4B44-4B43-813B-13A4969BB796}"
EndProject
Project("{00D1A9C2-B5F0-4AF3-8072-F6C62B433612}") = "Core2.Database", "Core2.Database\Core2.Database.sqlproj", "{7ECBE1A5-8AA9-4A85-9D05-55A9F167AB40}"
EndProject
Project("{6EC3EE1D-3C4E-46DD-8F32-0CC8E7565705}") = "Core2", "Core2\Core2.fsproj", "{16C5486A-0F43-4608-877E-8AAF8F55E3F7}"
EndProject
Global
	GlobalSection(SolutionConfigurationPlatforms) = preSolution
		Debug|Any CPU = Debug|Any CPU
		Release|Any CPU = Release|Any CPU
	EndGlobalSection
	GlobalSection(ProjectConfigurationPlatforms) = postSolution
		{ACD840F8-4B44-4B43-813B-13A4969BB796}.Debug|Any CPU.ActiveCfg = Debug|Any CPU
		{ACD840F8-4B44-4B43-813B-13A4969BB796}.Debug|Any CPU.Build.0 = Debug|Any CPU
		{ACD840F8-4B44-4B43-813B-13A4969BB796}.Release|Any CPU.ActiveCfg = Release|Any CPU
		{ACD840F8-4B44-4B43-813B-13A4969BB796}.Release|Any CPU.Build.0 = Release|Any CPU
		{7ECBE1A5-8AA9-4A85-9D05-55A9F167AB40}.Debug|Any CPU.ActiveCfg = Debug|Any CPU
		{7ECBE1A5-8AA9-4A85-9D05-55A9F167AB40}.Debug|Any CPU.Build.0 = Debug|Any CPU
		{7ECBE1A5-8AA9-4A85-9D05-55A9F167AB40}.Debug|Any CPU.Deploy.0 = Debug|Any CPU
		{7ECBE1A5-8AA9-4A85-9D05-55A9F167AB40}.Release|Any CPU.ActiveCfg = Release|Any CPU
		{7ECBE1A5-8AA9-4A85-9D05-55A9F167AB40}.Release|Any CPU.Build.0 = Release|Any CPU
		{7ECBE1A5-8AA9-4A85-9D05-55A9F167AB40}.Release|Any CPU.Deploy.0 = Release|Any CPU
		{16C5486A-0F43-4608-877E-8AAF8F55E3F7}.Debug|Any CPU.ActiveCfg = Debug|Any CPU
		{16C5486A-0F43-4608-877E-8AAF8F55E3F7}.Debug|Any CPU.Build.0 = Debug|Any CPU
		{16C5486A-0F43-4608-877E-8AAF8F55E3F7}.Release|Any CPU.ActiveCfg = Release|Any CPU
		{16C5486A-0F43-4608-877E-8AAF8F55E3F7}.Release|Any CPU.Build.0 = Release|Any CPU
	EndGlobalSection
	GlobalSection(SolutionProperties) = preSolution
		HideSolutionNode = FALSE
	EndGlobalSection
	GlobalSection(ExtensibilityGlobals) = postSolution
		SolutionGuid = {A7987737-F005-4E47-AAB6-84152A470324}
	EndGlobalSection
EndGlobal
