
Microsoft Visual Studio Solution File, Format Version 12.00
# Visual Studio 15
VisualStudioVersion = 15.0.26730.12
MinimumVisualStudioVersion = 10.0.40219.1
Project("{FAE04EC0-301F-11D3-BF4B-00C04F79EFBC}") = "CoreMVC.WebApp", "CoreMVC.WebApp\CoreMVC.WebApp.csproj", "{EDDB2123-14D6-4C2A-B09C-FCAA0D5AC3F1}"
EndProject
Project("{FAE04EC0-301F-11D3-BF4B-00C04F79EFBC}") = "CoreMVC", "CoreMVC\CoreMVC.csproj", "{818B9F00-5F70-4BE6-89B1-516F10E4F1D1}"
EndProject
Global
	GlobalSection(SolutionConfigurationPlatforms) = preSolution
		Debug|Any CPU = Debug|Any CPU
		Release|Any CPU = Release|Any CPU
	EndGlobalSection
	GlobalSection(ProjectConfigurationPlatforms) = postSolution
		{EDDB2123-14D6-4C2A-B09C-FCAA0D5AC3F1}.Debug|Any CPU.ActiveCfg = Debug|Any CPU
		{EDDB2123-14D6-4C2A-B09C-FCAA0D5AC3F1}.Debug|Any CPU.Build.0 = Debug|Any CPU
		{EDDB2123-14D6-4C2A-B09C-FCAA0D5AC3F1}.Release|Any CPU.ActiveCfg = Release|Any CPU
		{EDDB2123-14D6-4C2A-B09C-FCAA0D5AC3F1}.Release|Any CPU.Build.0 = Release|Any CPU
		{818B9F00-5F70-4BE6-89B1-516F10E4F1D1}.Debug|Any CPU.ActiveCfg = Debug|Any CPU
		{818B9F00-5F70-4BE6-89B1-516F10E4F1D1}.Debug|Any CPU.Build.0 = Debug|Any CPU
		{818B9F00-5F70-4BE6-89B1-516F10E4F1D1}.Release|Any CPU.ActiveCfg = Release|Any CPU
		{818B9F00-5F70-4BE6-89B1-516F10E4F1D1}.Release|Any CPU.Build.0 = Release|Any CPU
	EndGlobalSection
	GlobalSection(SolutionProperties) = preSolution
		HideSolutionNode = FALSE
	EndGlobalSection
	GlobalSection(ExtensibilityGlobals) = postSolution
		SolutionGuid = {E1BE78CD-4BC0-4E58-BF34-D1CC32786ECB}
	EndGlobalSection
EndGlobal
